// !$*UTF8*$!
{
	archiveVersion = 1;
	classes = {
	};
	objectVersion = 50;
	objects = {

/* Begin PBXBuildFile section */
		91727DB224CCBDDA00432163 /* PreferencesViewController.swift in Sources */ = {isa = PBXBuildFile; fileRef = 91727DB124CCBDDA00432163 /* PreferencesViewController.swift */; };
		91C7ECE424CC86B6007E2D4C /* Options.swift in Sources */ = {isa = PBXBuildFile; fileRef = 91C7ECE324CC86B6007E2D4C /* Options.swift */; };
		91C7ECE624CC8789007E2D4C /* ScrollInterceptor.swift in Sources */ = {isa = PBXBuildFile; fileRef = 91C7ECE524CC8789007E2D4C /* ScrollInterceptor.swift */; };
		91C8ABFB24CCA471007E85A9 /* Main.storyboard in Resources */ = {isa = PBXBuildFile; fileRef = 91C8ABFA24CCA471007E85A9 /* Main.storyboard */; };
		91D8069E24CB37B80092C286 /* AppDelegate.swift in Sources */ = {isa = PBXBuildFile; fileRef = 91D8069D24CB37B80092C286 /* AppDelegate.swift */; };
		91D806A024CB37BD0092C286 /* Assets.xcassets in Resources */ = {isa = PBXBuildFile; fileRef = 91D8069F24CB37BD0092C286 /* Assets.xcassets */; };
/* End PBXBuildFile section */

/* Begin PBXFileReference section */
		91727DB124CCBDDA00432163 /* PreferencesViewController.swift */ = {isa = PBXFileReference; lastKnownFileType = sourcecode.swift; path = PreferencesViewController.swift; sourceTree = "<group>"; };
		91C7ECE324CC86B6007E2D4C /* Options.swift */ = {isa = PBXFileReference; lastKnownFileType = sourcecode.swift; path = Options.swift; sourceTree = "<group>"; };
		91C7ECE524CC8789007E2D4C /* ScrollInterceptor.swift */ = {isa = PBXFileReference; lastKnownFileType = sourcecode.swift; path = ScrollInterceptor.swift; sourceTree = "<group>"; };
		91C8ABFA24CCA471007E85A9 /* Main.storyboard */ = {isa = PBXFileReference; lastKnownFileType = file.storyboard; path = Main.storyboard; sourceTree = "<group>"; };
		91D8069A24CB37B80092C286 /* UnnaturalScrollWheels.app */ = {isa = PBXFileReference; explicitFileType = wrapper.application; includeInIndex = 0; path = UnnaturalScrollWheels.app; sourceTree = BUILT_PRODUCTS_DIR; };
		91D8069D24CB37B80092C286 /* AppDelegate.swift */ = {isa = PBXFileReference; lastKnownFileType = sourcecode.swift; path = AppDelegate.swift; sourceTree = "<group>"; };
		91D8069F24CB37BD0092C286 /* Assets.xcassets */ = {isa = PBXFileReference; lastKnownFileType = folder.assetcatalog; path = Assets.xcassets; sourceTree = "<group>"; };
		91D806A424CB37BD0092C286 /* Info.plist */ = {isa = PBXFileReference; lastKnownFileType = text.plist.xml; path = Info.plist; sourceTree = "<group>"; };
		91D806A524CB37BD0092C286 /* UnnaturalScrollWheels.entitlements */ = {isa = PBXFileReference; lastKnownFileType = text.plist.entitlements; path = UnnaturalScrollWheels.entitlements; sourceTree = "<group>"; };
/* End PBXFileReference section */

/* Begin PBXFrameworksBuildPhase section */
		91D8069724CB37B80092C286 /* Frameworks */ = {
			isa = PBXFrameworksBuildPhase;
			buildActionMask = 2147483647;
			files = (
			);
			runOnlyForDeploymentPostprocessing = 0;
		};
/* End PBXFrameworksBuildPhase section */

/* Begin PBXGroup section */
		91D8069124CB37B80092C286 = {
			isa = PBXGroup;
			children = (
				91D8069C24CB37B80092C286 /* UnnaturalScrollWheels */,
				91D8069B24CB37B80092C286 /* Products */,
			);
			sourceTree = "<group>";
		};
		91D8069B24CB37B80092C286 /* Products */ = {
			isa = PBXGroup;
			children = (
				91D8069A24CB37B80092C286 /* UnnaturalScrollWheels.app */,
			);
			name = Products;
			sourceTree = "<group>";
		};
		91D8069C24CB37B80092C286 /* UnnaturalScrollWheels */ = {
			isa = PBXGroup;
			children = (
				91D8069D24CB37B80092C286 /* AppDelegate.swift */,
				91C7ECE324CC86B6007E2D4C /* Options.swift */,
				91C8ABFA24CCA471007E85A9 /* Main.storyboard */,
				91727DB124CCBDDA00432163 /* PreferencesViewController.swift */,
				91C7ECE524CC8789007E2D4C /* ScrollInterceptor.swift */,
				91D8069F24CB37BD0092C286 /* Assets.xcassets */,
				91D806A424CB37BD0092C286 /* Info.plist */,
				91D806A524CB37BD0092C286 /* UnnaturalScrollWheels.entitlements */,
			);
			path = UnnaturalScrollWheels;
			sourceTree = "<group>";
		};
/* End PBXGroup section */

/* Begin PBXNativeTarget section */
		91D8069924CB37B80092C286 /* UnnaturalScrollWheels */ = {
			isa = PBXNativeTarget;
			buildConfigurationList = 91D806A824CB37BD0092C286 /* Build configuration list for PBXNativeTarget "UnnaturalScrollWheels" */;
			buildPhases = (
				91D8069624CB37B80092C286 /* Sources */,
				91D8069724CB37B80092C286 /* Frameworks */,
				91D8069824CB37B80092C286 /* Resources */,
			);
			buildRules = (
			);
			dependencies = (
			);
			name = UnnaturalScrollWheels;
			productName = UnnaturalScrollWheels;
			productReference = 91D8069A24CB37B80092C286 /* UnnaturalScrollWheels.app */;
			productType = "com.apple.product-type.application";
		};
/* End PBXNativeTarget section */

/* Begin PBXProject section */
		91D8069224CB37B80092C286 /* Project object */ = {
			isa = PBXProject;
			attributes = {
				LastSwiftUpdateCheck = 1160;
				LastUpgradeCheck = 1160;
				ORGANIZATIONNAME = "Theron Tjapkes";
				TargetAttributes = {
					91D8069924CB37B80092C286 = {
						CreatedOnToolsVersion = 11.6;
					};
				};
			};
			buildConfigurationList = 91D8069524CB37B80092C286 /* Build configuration list for PBXProject "UnnaturalScrollWheels" */;
			compatibilityVersion = "Xcode 9.3";
			developmentRegion = en;
			hasScannedForEncodings = 0;
			knownRegions = (
				en,
				Base,
			);
			mainGroup = 91D8069124CB37B80092C286;
			productRefGroup = 91D8069B24CB37B80092C286 /* Products */;
			projectDirPath = "";
			projectRoot = "";
			targets = (
				91D8069924CB37B80092C286 /* UnnaturalScrollWheels */,
			);
		};
/* End PBXProject section */

/* Begin PBXResourcesBuildPhase section */
		91D8069824CB37B80092C286 /* Resources */ = {
			isa = PBXResourcesBuildPhase;
			buildActionMask = 2147483647;
			files = (
				91D806A024CB37BD0092C286 /* Assets.xcassets in Resources */,
				91C8ABFB24CCA471007E85A9 /* Main.storyboard in Resources */,
			);
			runOnlyForDeploymentPostprocessing = 0;
		};
/* End PBXResourcesBuildPhase section */

/* Begin PBXSourcesBuildPhase section */
		91D8069624CB37B80092C286 /* Sources */ = {
			isa = PBXSourcesBuildPhase;
			buildActionMask = 2147483647;
			files = (
				91C7ECE624CC8789007E2D4C /* ScrollInterceptor.swift in Sources */,
				91D8069E24CB37B80092C286 /* AppDelegate.swift in Sources */,
				91C7ECE424CC86B6007E2D4C /* Options.swift in Sources */,
				91727DB224CCBDDA00432163 /* PreferencesViewController.swift in Sources */,
			);
			runOnlyForDeploymentPostprocessing = 0;
		};
/* End PBXSourcesBuildPhase section */

/* Begin XCBuildConfiguration section */
		91D806A624CB37BD0092C286 /* Debug */ = {
			isa = XCBuildConfiguration;
			buildSettings = {
				ALWAYS_SEARCH_USER_PATHS = NO;
				CLANG_ANALYZER_NONNULL = YES;
				CLANG_ANALYZER_NUMBER_OBJECT_CONVERSION = YES_AGGRESSIVE;
				CLANG_CXX_LANGUAGE_STANDARD = "gnu++14";
				CLANG_CXX_LIBRARY = "libc++";
				CLANG_ENABLE_MODULES = YES;
				CLANG_ENABLE_OBJC_ARC = YES;
				CLANG_ENABLE_OBJC_WEAK = YES;
				CLANG_WARN_BLOCK_CAPTURE_AUTORELEASING = YES;
				CLANG_WARN_BOOL_CONVERSION = YES;
				CLANG_WARN_COMMA = YES;
				CLANG_WARN_CONSTANT_CONVERSION = YES;
				CLANG_WARN_DEPRECATED_OBJC_IMPLEMENTATIONS = YES;
				CLANG_WARN_DIRECT_OBJC_ISA_USAGE = YES_ERROR;
				CLANG_WARN_DOCUMENTATION_COMMENTS = YES;
				CLANG_WARN_EMPTY_BODY = YES;
				CLANG_WARN_ENUM_CONVERSION = YES;
				CLANG_WARN_INFINITE_RECURSION = YES;
				CLANG_WARN_INT_CONVERSION = YES;
				CLANG_WARN_NON_LITERAL_NULL_CONVERSION = YES;
				CLANG_WARN_OBJC_IMPLICIT_RETAIN_SELF = YES;
				CLANG_WARN_OBJC_LITERAL_CONVERSION = YES;
				CLANG_WARN_OBJC_ROOT_CLASS = YES_ERROR;
				CLANG_WARN_RANGE_LOOP_ANALYSIS = YES;
				CLANG_WARN_STRICT_PROTOTYPES = YES;
				CLANG_WARN_SUSPICIOUS_MOVE = YES;
				CLANG_WARN_UNGUARDED_AVAILABILITY = YES_AGGRESSIVE;
				CLANG_WARN_UNREACHABLE_CODE = YES;
				CLANG_WARN__DUPLICATE_METHOD_MATCH = YES;
				COPY_PHASE_STRIP = NO;
				DEBUG_INFORMATION_FORMAT = dwarf;
				ENABLE_STRICT_OBJC_MSGSEND = YES;
				ENABLE_TESTABILITY = YES;
				GCC_C_LANGUAGE_STANDARD = gnu11;
				GCC_DYNAMIC_NO_PIC = NO;
				GCC_NO_COMMON_BLOCKS = YES;
				GCC_OPTIMIZATION_LEVEL = 0;
				GCC_PREPROCESSOR_DEFINITIONS = (
					"DEBUG=1",
					"$(inherited)",
				);
				GCC_WARN_64_TO_32_BIT_CONVERSION = YES;
				GCC_WARN_ABOUT_RETURN_TYPE = YES_ERROR;
				GCC_WARN_UNDECLARED_SELECTOR = YES;
				GCC_WARN_UNINITIALIZED_AUTOS = YES_AGGRESSIVE;
				GCC_WARN_UNUSED_FUNCTION = YES;
				GCC_WARN_UNUSED_VARIABLE = YES;
				MACOSX_DEPLOYMENT_TARGET = 10.13;
				MTL_ENABLE_DEBUG_INFO = INCLUDE_SOURCE;
				MTL_FAST_MATH = YES;
				ONLY_ACTIVE_ARCH = YES;
				SDKROOT = macosx;
				SWIFT_ACTIVE_COMPILATION_CONDITIONS = DEBUG;
				SWIFT_OPTIMIZATION_LEVEL = "-Onone";
			};
			name = Debug;
		};
		91D806A724CB37BD0092C286 /* Release */ = {
			isa = XCBuildConfiguration;
			buildSettings = {
				ALWAYS_SEARCH_USER_PATHS = NO;
				CLANG_ANALYZER_NONNULL = YES;
				CLANG_ANALYZER_NUMBER_OBJECT_CONVERSION = YES_AGGRESSIVE;
				CLANG_CXX_LANGUAGE_STANDARD = "gnu++14";
				CLANG_CXX_LIBRARY = "libc++";
				CLANG_ENABLE_MODULES = YES;
				CLANG_ENABLE_OBJC_ARC = YES;
				CLANG_ENABLE_OBJC_WEAK = YES;
				CLANG_WARN_BLOCK_CAPTURE_AUTORELEASING = YES;
				CLANG_WARN_BOOL_CONVERSION = YES;
				CLANG_WARN_COMMA = YES;
				CLANG_WARN_CONSTANT_CONVERSION = YES;
				CLANG_WARN_DEPRECATED_OBJC_IMPLEMENTATIONS = YES;
				CLANG_WARN_DIRECT_OBJC_ISA_USAGE = YES_ERROR;
				CLANG_WARN_DOCUMENTATION_COMMENTS = YES;
				CLANG_WARN_EMPTY_BODY = YES;
				CLANG_WARN_ENUM_CONVERSION = YES;
				CLANG_WARN_INFINITE_RECURSION = YES;
				CLANG_WARN_INT_CONVERSION = YES;
				CLANG_WARN_NON_LITERAL_NULL_CONVERSION = YES;
				CLANG_WARN_OBJC_IMPLICIT_RETAIN_SELF = YES;
				CLANG_WARN_OBJC_LITERAL_CONVERSION = YES;
				CLANG_WARN_OBJC_ROOT_CLASS = YES_ERROR;
				CLANG_WARN_RANGE_LOOP_ANALYSIS = YES;
				CLANG_WARN_STRICT_PROTOTYPES = YES;
				CLANG_WARN_SUSPICIOUS_MOVE = YES;
				CLANG_WARN_UNGUARDED_AVAILABILITY = YES_AGGRESSIVE;
				CLANG_WARN_UNREACHABLE_CODE = YES;
				CLANG_WARN__DUPLICATE_METHOD_MATCH = YES;
				COPY_PHASE_STRIP = NO;
				DEBUG_INFORMATION_FORMAT = "dwarf-with-dsym";
				ENABLE_NS_ASSERTIONS = NO;
				ENABLE_STRICT_OBJC_MSGSEND = YES;
				GCC_C_LANGUAGE_STANDARD = gnu11;
				GCC_NO_COMMON_BLOCKS = YES;
				GCC_WARN_64_TO_32_BIT_CONVERSION = YES;
				GCC_WARN_ABOUT_RETURN_TYPE = YES_ERROR;
				GCC_WARN_UNDECLARED_SELECTOR = YES;
				GCC_WARN_UNINITIALIZED_AUTOS = YES_AGGRESSIVE;
				GCC_WARN_UNUSED_FUNCTION = YES;
				GCC_WARN_UNUSED_VARIABLE = YES;
				MACOSX_DEPLOYMENT_TARGET = 10.13;
				MTL_ENABLE_DEBUG_INFO = NO;
				MTL_FAST_MATH = YES;
				SDKROOT = macosx;
				SWIFT_COMPILATION_MODE = wholemodule;
				SWIFT_OPTIMIZATION_LEVEL = "-O";
			};
			name = Release;
		};
		91D806A924CB37BD0092C286 /* Debug */ = {
			isa = XCBuildConfiguration;
			buildSettings = {
				ASSETCATALOG_COMPILER_APPICON_NAME = AppIcon;
				CODE_SIGN_ENTITLEMENTS = UnnaturalScrollWheels/UnnaturalScrollWheels.entitlements;
				CODE_SIGN_STYLE = Automatic;
				COMBINE_HIDPI_IMAGES = YES;
				DEVELOPMENT_TEAM = D6H5W2T379;
				ENABLE_HARDENED_RUNTIME = YES;
				INFOPLIST_FILE = UnnaturalScrollWheels/Info.plist;
				LD_RUNPATH_SEARCH_PATHS = (
					"$(inherited)",
					"@executable_path/../Frameworks",
				);
				MACOSX_DEPLOYMENT_TARGET = 10.13;
				MARKETING_VERSION = 1.0.0;
				PRODUCT_BUNDLE_IDENTIFIER = com.theron.UnnaturalScrollWheels;
				PRODUCT_NAME = "$(TARGET_NAME)";
				SWIFT_VERSION = 5.0;
			};
			name = Debug;
		};
		91D806AA24CB37BD0092C286 /* Release */ = {
			isa = XCBuildConfiguration;
			buildSettings = {
				ASSETCATALOG_COMPILER_APPICON_NAME = AppIcon;
				CODE_SIGN_ENTITLEMENTS = UnnaturalScrollWheels/UnnaturalScrollWheels.entitlements;
				CODE_SIGN_STYLE = Automatic;
				COMBINE_HIDPI_IMAGES = YES;
				DEVELOPMENT_TEAM = D6H5W2T379;
				ENABLE_HARDENED_RUNTIME = YES;
				INFOPLIST_FILE = UnnaturalScrollWheels/Info.plist;
				LD_RUNPATH_SEARCH_PATHS = (
					"$(inherited)",
					"@executable_path/../Frameworks",
				);
				MACOSX_DEPLOYMENT_TARGET = 10.13;
				MARKETING_VERSION = 1.0.0;
				PRODUCT_BUNDLE_IDENTIFIER = com.theron.UnnaturalScrollWheels;
				PRODUCT_NAME = "$(TARGET_NAME)";
				SWIFT_VERSION = 5.0;
			};
			name = Release;
		};
/* End XCBuildConfiguration section */

/* Begin XCConfigurationList section */
		91D8069524CB37B80092C286 /* Build configuration list for PBXProject "UnnaturalScrollWheels" */ = {
			isa = XCConfigurationList;
			buildConfigurations = (
				91D806A624CB37BD0092C286 /* Debug */,
				91D806A724CB37BD0092C286 /* Release */,
			);
			defaultConfigurationIsVisible = 0;
			defaultConfigurationName = Release;
		};
		91D806A824CB37BD0092C286 /* Build configuration list for PBXNativeTarget "UnnaturalScrollWheels" */ = {
			isa = XCConfigurationList;
			buildConfigurations = (
				91D806A924CB37BD0092C286 /* Debug */,
				91D806AA24CB37BD0092C286 /* Release */,
			);
			defaultConfigurationIsVisible = 0;
			defaultConfigurationName = Release;
		};
/* End XCConfigurationList section */
	};
	rootObject = 91D8069224CB37B80092C286 /* Project object */;
}
